// !$*UTF8*$!
{
	archiveVersion = 1;
	classes = {
	};
	objectVersion = 50;
	objects = {

/* Begin PBXBuildFile section */
		5889598023D60A93002C94D9 /* AppDelegate.swift in Sources */ = {isa = PBXBuildFile; fileRef = 5889597F23D60A93002C94D9 /* AppDelegate.swift */; };
		5889598223D60A93002C94D9 /* SceneDelegate.swift in Sources */ = {isa = PBXBuildFile; fileRef = 5889598123D60A93002C94D9 /* SceneDelegate.swift */; };
		5889598423D60A93002C94D9 /* ViewController.swift in Sources */ = {isa = PBXBuildFile; fileRef = 5889598323D60A93002C94D9 /* ViewController.swift */; };
		5889598723D60A93002C94D9 /* Main.storyboard in Resources */ = {isa = PBXBuildFile; fileRef = 5889598523D60A93002C94D9 /* Main.storyboard */; };
		5889598923D60A96002C94D9 /* Assets.xcassets in Resources */ = {isa = PBXBuildFile; fileRef = 5889598823D60A96002C94D9 /* Assets.xcassets */; };
		5889598C23D60A96002C94D9 /* LaunchScreen.storyboard in Resources */ = {isa = PBXBuildFile; fileRef = 5889598A23D60A96002C94D9 /* LaunchScreen.storyboard */; };
		5889599723D60A96002C94D9 /* base_iosTests.swift in Sources */ = {isa = PBXBuildFile; fileRef = 5889599623D60A96002C94D9 /* base_iosTests.swift */; };
		588959A223D60A96002C94D9 /* base_iosUITests.swift in Sources */ = {isa = PBXBuildFile; fileRef = 588959A123D60A96002C94D9 /* base_iosUITests.swift */; };
		588959B523D60B82002C94D9 /* EndPointType.swift in Sources */ = {isa = PBXBuildFile; fileRef = 588959B423D60B82002C94D9 /* EndPointType.swift */; };
		588959B623D60B82002C94D9 /* EndPointType.swift in Sources */ = {isa = PBXBuildFile; fileRef = 588959B423D60B82002C94D9 /* EndPointType.swift */; };
		588959B723D60B82002C94D9 /* EndPointType.swift in Sources */ = {isa = PBXBuildFile; fileRef = 588959B423D60B82002C94D9 /* EndPointType.swift */; };
		588959B923D60D3C002C94D9 /* HTTPMethod.swift in Sources */ = {isa = PBXBuildFile; fileRef = 588959B823D60D3C002C94D9 /* HTTPMethod.swift */; };
		588959BA23D60D3C002C94D9 /* HTTPMethod.swift in Sources */ = {isa = PBXBuildFile; fileRef = 588959B823D60D3C002C94D9 /* HTTPMethod.swift */; };
		588959BB23D60D3C002C94D9 /* HTTPMethod.swift in Sources */ = {isa = PBXBuildFile; fileRef = 588959B823D60D3C002C94D9 /* HTTPMethod.swift */; };
		588959BD23D60D50002C94D9 /* HTTPTask.swift in Sources */ = {isa = PBXBuildFile; fileRef = 588959BC23D60D50002C94D9 /* HTTPTask.swift */; };
		588959BE23D60D50002C94D9 /* HTTPTask.swift in Sources */ = {isa = PBXBuildFile; fileRef = 588959BC23D60D50002C94D9 /* HTTPTask.swift */; };
		588959BF23D60D50002C94D9 /* HTTPTask.swift in Sources */ = {isa = PBXBuildFile; fileRef = 588959BC23D60D50002C94D9 /* HTTPTask.swift */; };
		588959C123D60D8A002C94D9 /* ParameterEncoder.swift in Sources */ = {isa = PBXBuildFile; fileRef = 588959C023D60D8A002C94D9 /* ParameterEncoder.swift */; };
		588959C223D60D8A002C94D9 /* ParameterEncoder.swift in Sources */ = {isa = PBXBuildFile; fileRef = 588959C023D60D8A002C94D9 /* ParameterEncoder.swift */; };
		588959C323D60D8A002C94D9 /* ParameterEncoder.swift in Sources */ = {isa = PBXBuildFile; fileRef = 588959C023D60D8A002C94D9 /* ParameterEncoder.swift */; };
		588959C523D60EC8002C94D9 /* URLParameterEncoder.swift in Sources */ = {isa = PBXBuildFile; fileRef = 588959C423D60EC8002C94D9 /* URLParameterEncoder.swift */; };
		588959C623D60EC8002C94D9 /* URLParameterEncoder.swift in Sources */ = {isa = PBXBuildFile; fileRef = 588959C423D60EC8002C94D9 /* URLParameterEncoder.swift */; };
		588959C723D60EC8002C94D9 /* URLParameterEncoder.swift in Sources */ = {isa = PBXBuildFile; fileRef = 588959C423D60EC8002C94D9 /* URLParameterEncoder.swift */; };
		588959C923D611C5002C94D9 /* JSONParameterEncoder.swift in Sources */ = {isa = PBXBuildFile; fileRef = 588959C823D611C5002C94D9 /* JSONParameterEncoder.swift */; };
		588959CA23D611C5002C94D9 /* JSONParameterEncoder.swift in Sources */ = {isa = PBXBuildFile; fileRef = 588959C823D611C5002C94D9 /* JSONParameterEncoder.swift */; };
		588959CB23D611C5002C94D9 /* JSONParameterEncoder.swift in Sources */ = {isa = PBXBuildFile; fileRef = 588959C823D611C5002C94D9 /* JSONParameterEncoder.swift */; };
		588959D123D6190F002C94D9 /* Router.swift in Sources */ = {isa = PBXBuildFile; fileRef = 588959D023D6190F002C94D9 /* Router.swift */; };
		588959D223D6190F002C94D9 /* Router.swift in Sources */ = {isa = PBXBuildFile; fileRef = 588959D023D6190F002C94D9 /* Router.swift */; };
		588959D323D6190F002C94D9 /* Router.swift in Sources */ = {isa = PBXBuildFile; fileRef = 588959D023D6190F002C94D9 /* Router.swift */; };
		588959D523D622EC002C94D9 /* NetworkManager.swift in Sources */ = {isa = PBXBuildFile; fileRef = 588959D423D622EC002C94D9 /* NetworkManager.swift */; };
		588959D623D622EC002C94D9 /* NetworkManager.swift in Sources */ = {isa = PBXBuildFile; fileRef = 588959D423D622EC002C94D9 /* NetworkManager.swift */; };
		588959D723D622EC002C94D9 /* NetworkManager.swift in Sources */ = {isa = PBXBuildFile; fileRef = 588959D423D622EC002C94D9 /* NetworkManager.swift */; };
		588959DB23D67072002C94D9 /* HTTPURLResponse+HandleResponse.swift in Sources */ = {isa = PBXBuildFile; fileRef = 588959DA23D67072002C94D9 /* HTTPURLResponse+HandleResponse.swift */; };
		588959DC23D67072002C94D9 /* HTTPURLResponse+HandleResponse.swift in Sources */ = {isa = PBXBuildFile; fileRef = 588959DA23D67072002C94D9 /* HTTPURLResponse+HandleResponse.swift */; };
		588959DD23D67072002C94D9 /* HTTPURLResponse+HandleResponse.swift in Sources */ = {isa = PBXBuildFile; fileRef = 588959DA23D67072002C94D9 /* HTTPURLResponse+HandleResponse.swift */; };
		588959DF23D670E7002C94D9 /* ServiceLayer.swift in Sources */ = {isa = PBXBuildFile; fileRef = 588959DE23D670E7002C94D9 /* ServiceLayer.swift */; };
		588959E023D670E7002C94D9 /* ServiceLayer.swift in Sources */ = {isa = PBXBuildFile; fileRef = 588959DE23D670E7002C94D9 /* ServiceLayer.swift */; };
		588959E123D670E7002C94D9 /* ServiceLayer.swift in Sources */ = {isa = PBXBuildFile; fileRef = 588959DE23D670E7002C94D9 /* ServiceLayer.swift */; };
/* End PBXBuildFile section */

/* Begin PBXContainerItemProxy section */
		5889599323D60A96002C94D9 /* PBXContainerItemProxy */ = {
			isa = PBXContainerItemProxy;
			containerPortal = 5889597423D60A93002C94D9 /* Project object */;
			proxyType = 1;
			remoteGlobalIDString = 5889597B23D60A93002C94D9;
			remoteInfo = "base-ios";
		};
		5889599E23D60A96002C94D9 /* PBXContainerItemProxy */ = {
			isa = PBXContainerItemProxy;
			containerPortal = 5889597423D60A93002C94D9 /* Project object */;
			proxyType = 1;
			remoteGlobalIDString = 5889597B23D60A93002C94D9;
			remoteInfo = "base-ios";
		};
/* End PBXContainerItemProxy section */

/* Begin PBXFileReference section */
		5889597C23D60A93002C94D9 /* base-ios.app */ = {isa = PBXFileReference; explicitFileType = wrapper.application; includeInIndex = 0; path = "base-ios.app"; sourceTree = BUILT_PRODUCTS_DIR; };
		5889597F23D60A93002C94D9 /* AppDelegate.swift */ = {isa = PBXFileReference; lastKnownFileType = sourcecode.swift; path = AppDelegate.swift; sourceTree = "<group>"; };
		5889598123D60A93002C94D9 /* SceneDelegate.swift */ = {isa = PBXFileReference; lastKnownFileType = sourcecode.swift; path = SceneDelegate.swift; sourceTree = "<group>"; };
		5889598323D60A93002C94D9 /* ViewController.swift */ = {isa = PBXFileReference; lastKnownFileType = sourcecode.swift; path = ViewController.swift; sourceTree = "<group>"; };
		5889598623D60A93002C94D9 /* Base */ = {isa = PBXFileReference; lastKnownFileType = file.storyboard; name = Base; path = Base.lproj/Main.storyboard; sourceTree = "<group>"; };
		5889598823D60A96002C94D9 /* Assets.xcassets */ = {isa = PBXFileReference; lastKnownFileType = folder.assetcatalog; path = Assets.xcassets; sourceTree = "<group>"; };
		5889598B23D60A96002C94D9 /* Base */ = {isa = PBXFileReference; lastKnownFileType = file.storyboard; name = Base; path = Base.lproj/LaunchScreen.storyboard; sourceTree = "<group>"; };
		5889598D23D60A96002C94D9 /* Info.plist */ = {isa = PBXFileReference; lastKnownFileType = text.plist.xml; path = Info.plist; sourceTree = "<group>"; };
		5889599223D60A96002C94D9 /* base-iosTests.xctest */ = {isa = PBXFileReference; explicitFileType = wrapper.cfbundle; includeInIndex = 0; path = "base-iosTests.xctest"; sourceTree = BUILT_PRODUCTS_DIR; };
		5889599623D60A96002C94D9 /* base_iosTests.swift */ = {isa = PBXFileReference; lastKnownFileType = sourcecode.swift; path = base_iosTests.swift; sourceTree = "<group>"; };
		5889599823D60A96002C94D9 /* Info.plist */ = {isa = PBXFileReference; lastKnownFileType = text.plist.xml; path = Info.plist; sourceTree = "<group>"; };
		5889599D23D60A96002C94D9 /* base-iosUITests.xctest */ = {isa = PBXFileReference; explicitFileType = wrapper.cfbundle; includeInIndex = 0; path = "base-iosUITests.xctest"; sourceTree = BUILT_PRODUCTS_DIR; };
		588959A123D60A96002C94D9 /* base_iosUITests.swift */ = {isa = PBXFileReference; lastKnownFileType = sourcecode.swift; path = base_iosUITests.swift; sourceTree = "<group>"; };
		588959A323D60A96002C94D9 /* Info.plist */ = {isa = PBXFileReference; lastKnownFileType = text.plist.xml; path = Info.plist; sourceTree = "<group>"; };
		588959B423D60B82002C94D9 /* EndPointType.swift */ = {isa = PBXFileReference; lastKnownFileType = sourcecode.swift; path = EndPointType.swift; sourceTree = "<group>"; };
		588959B823D60D3C002C94D9 /* HTTPMethod.swift */ = {isa = PBXFileReference; lastKnownFileType = sourcecode.swift; path = HTTPMethod.swift; sourceTree = "<group>"; };
		588959BC23D60D50002C94D9 /* HTTPTask.swift */ = {isa = PBXFileReference; lastKnownFileType = sourcecode.swift; path = HTTPTask.swift; sourceTree = "<group>"; };
		588959C023D60D8A002C94D9 /* ParameterEncoder.swift */ = {isa = PBXFileReference; lastKnownFileType = sourcecode.swift; path = ParameterEncoder.swift; sourceTree = "<group>"; };
		588959C423D60EC8002C94D9 /* URLParameterEncoder.swift */ = {isa = PBXFileReference; lastKnownFileType = sourcecode.swift; path = URLParameterEncoder.swift; sourceTree = "<group>"; };
		588959C823D611C5002C94D9 /* JSONParameterEncoder.swift */ = {isa = PBXFileReference; lastKnownFileType = sourcecode.swift; path = JSONParameterEncoder.swift; sourceTree = "<group>"; };
		588959D023D6190F002C94D9 /* Router.swift */ = {isa = PBXFileReference; lastKnownFileType = sourcecode.swift; path = Router.swift; sourceTree = "<group>"; };
		588959D423D622EC002C94D9 /* NetworkManager.swift */ = {isa = PBXFileReference; lastKnownFileType = sourcecode.swift; path = NetworkManager.swift; sourceTree = "<group>"; };
		588959DA23D67072002C94D9 /* HTTPURLResponse+HandleResponse.swift */ = {isa = PBXFileReference; lastKnownFileType = sourcecode.swift; path = "HTTPURLResponse+HandleResponse.swift"; sourceTree = "<group>"; };
		588959DE23D670E7002C94D9 /* ServiceLayer.swift */ = {isa = PBXFileReference; lastKnownFileType = sourcecode.swift; path = ServiceLayer.swift; sourceTree = "<group>"; };
/* End PBXFileReference section */

/* Begin PBXFrameworksBuildPhase section */
		5889597923D60A93002C94D9 /* Frameworks */ = {
			isa = PBXFrameworksBuildPhase;
			buildActionMask = 2147483647;
			files = (
			);
			runOnlyForDeploymentPostprocessing = 0;
		};
		5889598F23D60A96002C94D9 /* Frameworks */ = {
			isa = PBXFrameworksBuildPhase;
			buildActionMask = 2147483647;
			files = (
			);
			runOnlyForDeploymentPostprocessing = 0;
		};
		5889599A23D60A96002C94D9 /* Frameworks */ = {
			isa = PBXFrameworksBuildPhase;
			buildActionMask = 2147483647;
			files = (
			);
			runOnlyForDeploymentPostprocessing = 0;
		};
/* End PBXFrameworksBuildPhase section */

/* Begin PBXGroup section */
		5889597323D60A92002C94D9 = {
			isa = PBXGroup;
			children = (
				5889597E23D60A93002C94D9 /* base-ios */,
				5889599523D60A96002C94D9 /* base-iosTests */,
				588959A023D60A96002C94D9 /* base-iosUITests */,
				5889597D23D60A93002C94D9 /* Products */,
			);
			sourceTree = "<group>";
		};
		5889597D23D60A93002C94D9 /* Products */ = {
			isa = PBXGroup;
			children = (
				5889597C23D60A93002C94D9 /* base-ios.app */,
				5889599223D60A96002C94D9 /* base-iosTests.xctest */,
				5889599D23D60A96002C94D9 /* base-iosUITests.xctest */,
			);
			name = Products;
			sourceTree = "<group>";
		};
		5889597E23D60A93002C94D9 /* base-ios */ = {
			isa = PBXGroup;
			children = (
				588959D823D66FFF002C94D9 /* Utility */,
				588959AF23D60B35002C94D9 /* Networking */,
				5889597F23D60A93002C94D9 /* AppDelegate.swift */,
				5889598123D60A93002C94D9 /* SceneDelegate.swift */,
				5889598323D60A93002C94D9 /* ViewController.swift */,
				5889598523D60A93002C94D9 /* Main.storyboard */,
				5889598823D60A96002C94D9 /* Assets.xcassets */,
				5889598A23D60A96002C94D9 /* LaunchScreen.storyboard */,
				5889598D23D60A96002C94D9 /* Info.plist */,
			);
			path = "base-ios";
			sourceTree = "<group>";
		};
		5889599523D60A96002C94D9 /* base-iosTests */ = {
			isa = PBXGroup;
			children = (
				5889599623D60A96002C94D9 /* base_iosTests.swift */,
				5889599823D60A96002C94D9 /* Info.plist */,
			);
			path = "base-iosTests";
			sourceTree = "<group>";
		};
		588959A023D60A96002C94D9 /* base-iosUITests */ = {
			isa = PBXGroup;
			children = (
				588959A123D60A96002C94D9 /* base_iosUITests.swift */,
				588959A323D60A96002C94D9 /* Info.plist */,
			);
			path = "base-iosUITests";
			sourceTree = "<group>";
		};
		588959AF23D60B35002C94D9 /* Networking */ = {
			isa = PBXGroup;
			children = (
				588959B323D60B5C002C94D9 /* Encoding */,
				588959B223D60B55002C94D9 /* Service */,
				588959B123D60B4E002C94D9 /* Manager */,
				588959B023D60B46002C94D9 /* EndPoint */,
			);
			path = Networking;
			sourceTree = "<group>";
		};
		588959B023D60B46002C94D9 /* EndPoint */ = {
			isa = PBXGroup;
			children = (
			);
			path = EndPoint;
			sourceTree = "<group>";
		};
		588959B123D60B4E002C94D9 /* Manager */ = {
			isa = PBXGroup;
			children = (
				588959D423D622EC002C94D9 /* NetworkManager.swift */,
			);
			path = Manager;
			sourceTree = "<group>";
		};
		588959B223D60B55002C94D9 /* Service */ = {
			isa = PBXGroup;
			children = (
				588959B423D60B82002C94D9 /* EndPointType.swift */,
				588959B823D60D3C002C94D9 /* HTTPMethod.swift */,
				588959BC23D60D50002C94D9 /* HTTPTask.swift */,
				588959D023D6190F002C94D9 /* Router.swift */,
				588959DE23D670E7002C94D9 /* ServiceLayer.swift */,
			);
			path = Service;
			sourceTree = "<group>";
		};
		588959B323D60B5C002C94D9 /* Encoding */ = {
			isa = PBXGroup;
			children = (
				588959C023D60D8A002C94D9 /* ParameterEncoder.swift */,
				588959C423D60EC8002C94D9 /* URLParameterEncoder.swift */,
				588959C823D611C5002C94D9 /* JSONParameterEncoder.swift */,
			);
			path = Encoding;
			sourceTree = "<group>";
		};
		588959D823D66FFF002C94D9 /* Utility */ = {
			isa = PBXGroup;
			children = (
				588959D923D67007002C94D9 /* Extension */,
			);
			path = Utility;
			sourceTree = "<group>";
		};
		588959D923D67007002C94D9 /* Extension */ = {
			isa = PBXGroup;
			children = (
				588959DA23D67072002C94D9 /* HTTPURLResponse+HandleResponse.swift */,
			);
			path = Extension;
			sourceTree = "<group>";
		};
/* End PBXGroup section */

/* Begin PBXNativeTarget section */
		5889597B23D60A93002C94D9 /* base-ios */ = {
			isa = PBXNativeTarget;
			buildConfigurationList = 588959A623D60A96002C94D9 /* Build configuration list for PBXNativeTarget "base-ios" */;
			buildPhases = (
				5889597823D60A93002C94D9 /* Sources */,
				5889597923D60A93002C94D9 /* Frameworks */,
				5889597A23D60A93002C94D9 /* Resources */,
			);
			buildRules = (
			);
			dependencies = (
			);
			name = "base-ios";
			productName = "base-ios";
			productReference = 5889597C23D60A93002C94D9 /* base-ios.app */;
			productType = "com.apple.product-type.application";
		};
		5889599123D60A96002C94D9 /* base-iosTests */ = {
			isa = PBXNativeTarget;
			buildConfigurationList = 588959A923D60A96002C94D9 /* Build configuration list for PBXNativeTarget "base-iosTests" */;
			buildPhases = (
				5889598E23D60A96002C94D9 /* Sources */,
				5889598F23D60A96002C94D9 /* Frameworks */,
				5889599023D60A96002C94D9 /* Resources */,
			);
			buildRules = (
			);
			dependencies = (
				5889599423D60A96002C94D9 /* PBXTargetDependency */,
			);
			name = "base-iosTests";
			productName = "base-iosTests";
			productReference = 5889599223D60A96002C94D9 /* base-iosTests.xctest */;
			productType = "com.apple.product-type.bundle.unit-test";
		};
		5889599C23D60A96002C94D9 /* base-iosUITests */ = {
			isa = PBXNativeTarget;
			buildConfigurationList = 588959AC23D60A96002C94D9 /* Build configuration list for PBXNativeTarget "base-iosUITests" */;
			buildPhases = (
				5889599923D60A96002C94D9 /* Sources */,
				5889599A23D60A96002C94D9 /* Frameworks */,
				5889599B23D60A96002C94D9 /* Resources */,
			);
			buildRules = (
			);
			dependencies = (
				5889599F23D60A96002C94D9 /* PBXTargetDependency */,
			);
			name = "base-iosUITests";
			productName = "base-iosUITests";
			productReference = 5889599D23D60A96002C94D9 /* base-iosUITests.xctest */;
			productType = "com.apple.product-type.bundle.ui-testing";
		};
/* End PBXNativeTarget section */

/* Begin PBXProject section */
		5889597423D60A93002C94D9 /* Project object */ = {
			isa = PBXProject;
			attributes = {
				LastSwiftUpdateCheck = 1130;
				LastUpgradeCheck = 1130;
				ORGANIZATIONNAME = "Diego Gomes";
				TargetAttributes = {
					5889597B23D60A93002C94D9 = {
						CreatedOnToolsVersion = 11.3;
					};
					5889599123D60A96002C94D9 = {
						CreatedOnToolsVersion = 11.3;
						TestTargetID = 5889597B23D60A93002C94D9;
					};
					5889599C23D60A96002C94D9 = {
						CreatedOnToolsVersion = 11.3;
						TestTargetID = 5889597B23D60A93002C94D9;
					};
				};
			};
			buildConfigurationList = 5889597723D60A93002C94D9 /* Build configuration list for PBXProject "base-ios" */;
			compatibilityVersion = "Xcode 9.3";
			developmentRegion = en;
			hasScannedForEncodings = 0;
			knownRegions = (
				en,
				Base,
			);
			mainGroup = 5889597323D60A92002C94D9;
			productRefGroup = 5889597D23D60A93002C94D9 /* Products */;
			projectDirPath = "";
			projectRoot = "";
			targets = (
				5889597B23D60A93002C94D9 /* base-ios */,
				5889599123D60A96002C94D9 /* base-iosTests */,
				5889599C23D60A96002C94D9 /* base-iosUITests */,
			);
		};
/* End PBXProject section */

/* Begin PBXResourcesBuildPhase section */
		5889597A23D60A93002C94D9 /* Resources */ = {
			isa = PBXResourcesBuildPhase;
			buildActionMask = 2147483647;
			files = (
				5889598C23D60A96002C94D9 /* LaunchScreen.storyboard in Resources */,
				5889598923D60A96002C94D9 /* Assets.xcassets in Resources */,
				5889598723D60A93002C94D9 /* Main.storyboard in Resources */,
			);
			runOnlyForDeploymentPostprocessing = 0;
		};
		5889599023D60A96002C94D9 /* Resources */ = {
			isa = PBXResourcesBuildPhase;
			buildActionMask = 2147483647;
			files = (
			);
			runOnlyForDeploymentPostprocessing = 0;
		};
		5889599B23D60A96002C94D9 /* Resources */ = {
			isa = PBXResourcesBuildPhase;
			buildActionMask = 2147483647;
			files = (
			);
			runOnlyForDeploymentPostprocessing = 0;
		};
/* End PBXResourcesBuildPhase section */

/* Begin PBXSourcesBuildPhase section */
		5889597823D60A93002C94D9 /* Sources */ = {
			isa = PBXSourcesBuildPhase;
			buildActionMask = 2147483647;
			files = (
				588959D523D622EC002C94D9 /* NetworkManager.swift in Sources */,
				588959D123D6190F002C94D9 /* Router.swift in Sources */,
				588959C523D60EC8002C94D9 /* URLParameterEncoder.swift in Sources */,
				588959C123D60D8A002C94D9 /* ParameterEncoder.swift in Sources */,
				588959BD23D60D50002C94D9 /* HTTPTask.swift in Sources */,
				588959DB23D67072002C94D9 /* HTTPURLResponse+HandleResponse.swift in Sources */,
				588959B523D60B82002C94D9 /* EndPointType.swift in Sources */,
				5889598423D60A93002C94D9 /* ViewController.swift in Sources */,
				588959C923D611C5002C94D9 /* JSONParameterEncoder.swift in Sources */,
				5889598023D60A93002C94D9 /* AppDelegate.swift in Sources */,
				588959B923D60D3C002C94D9 /* HTTPMethod.swift in Sources */,
				5889598223D60A93002C94D9 /* SceneDelegate.swift in Sources */,
				588959DF23D670E7002C94D9 /* ServiceLayer.swift in Sources */,
			);
			runOnlyForDeploymentPostprocessing = 0;
		};
		5889598E23D60A96002C94D9 /* Sources */ = {
			isa = PBXSourcesBuildPhase;
			buildActionMask = 2147483647;
			files = (
				588959BE23D60D50002C94D9 /* HTTPTask.swift in Sources */,
				588959D623D622EC002C94D9 /* NetworkManager.swift in Sources */,
				588959B623D60B82002C94D9 /* EndPointType.swift in Sources */,
				588959C623D60EC8002C94D9 /* URLParameterEncoder.swift in Sources */,
				588959D223D6190F002C94D9 /* Router.swift in Sources */,
				588959C223D60D8A002C94D9 /* ParameterEncoder.swift in Sources */,
				588959E023D670E7002C94D9 /* ServiceLayer.swift in Sources */,
				5889599723D60A96002C94D9 /* base_iosTests.swift in Sources */,
				588959DC23D67072002C94D9 /* HTTPURLResponse+HandleResponse.swift in Sources */,
				588959CA23D611C5002C94D9 /* JSONParameterEncoder.swift in Sources */,
				588959BA23D60D3C002C94D9 /* HTTPMethod.swift in Sources */,
			);
			runOnlyForDeploymentPostprocessing = 0;
		};
		5889599923D60A96002C94D9 /* Sources */ = {
			isa = PBXSourcesBuildPhase;
			buildActionMask = 2147483647;
			files = (
				588959BF23D60D50002C94D9 /* HTTPTask.swift in Sources */,
				588959D723D622EC002C94D9 /* NetworkManager.swift in Sources */,
				588959B723D60B82002C94D9 /* EndPointType.swift in Sources */,
				588959C723D60EC8002C94D9 /* URLParameterEncoder.swift in Sources */,
				588959D323D6190F002C94D9 /* Router.swift in Sources */,
				588959C323D60D8A002C94D9 /* ParameterEncoder.swift in Sources */,
				588959E123D670E7002C94D9 /* ServiceLayer.swift in Sources */,
				588959A223D60A96002C94D9 /* base_iosUITests.swift in Sources */,
				588959DD23D67072002C94D9 /* HTTPURLResponse+HandleResponse.swift in Sources */,
				588959CB23D611C5002C94D9 /* JSONParameterEncoder.swift in Sources */,
				588959BB23D60D3C002C94D9 /* HTTPMethod.swift in Sources */,
			);
			runOnlyForDeploymentPostprocessing = 0;
		};
/* End PBXSourcesBuildPhase section */

/* Begin PBXTargetDependency section */
		5889599423D60A96002C94D9 /* PBXTargetDependency */ = {
			isa = PBXTargetDependency;
			target = 5889597B23D60A93002C94D9 /* base-ios */;
			targetProxy = 5889599323D60A96002C94D9 /* PBXContainerItemProxy */;
		};
		5889599F23D60A96002C94D9 /* PBXTargetDependency */ = {
			isa = PBXTargetDependency;
			target = 5889597B23D60A93002C94D9 /* base-ios */;
			targetProxy = 5889599E23D60A96002C94D9 /* PBXContainerItemProxy */;
		};
/* End PBXTargetDependency section */

/* Begin PBXVariantGroup section */
		5889598523D60A93002C94D9 /* Main.storyboard */ = {
			isa = PBXVariantGroup;
			children = (
				5889598623D60A93002C94D9 /* Base */,
			);
			name = Main.storyboard;
			sourceTree = "<group>";
		};
		5889598A23D60A96002C94D9 /* LaunchScreen.storyboard */ = {
			isa = PBXVariantGroup;
			children = (
				5889598B23D60A96002C94D9 /* Base */,
			);
			name = LaunchScreen.storyboard;
			sourceTree = "<group>";
		};
/* End PBXVariantGroup section */

/* Begin XCBuildConfiguration section */
		588959A423D60A96002C94D9 /* Debug */ = {
			isa = XCBuildConfiguration;
			buildSettings = {
				ALWAYS_SEARCH_USER_PATHS = NO;
				CLANG_ANALYZER_NONNULL = YES;
				CLANG_ANALYZER_NUMBER_OBJECT_CONVERSION = YES_AGGRESSIVE;
				CLANG_CXX_LANGUAGE_STANDARD = "gnu++14";
				CLANG_CXX_LIBRARY = "libc++";
				CLANG_ENABLE_MODULES = YES;
				CLANG_ENABLE_OBJC_ARC = YES;
				CLANG_ENABLE_OBJC_WEAK = YES;
				CLANG_WARN_BLOCK_CAPTURE_AUTORELEASING = YES;
				CLANG_WARN_BOOL_CONVERSION = YES;
				CLANG_WARN_COMMA = YES;
				CLANG_WARN_CONSTANT_CONVERSION = YES;
				CLANG_WARN_DEPRECATED_OBJC_IMPLEMENTATIONS = YES;
				CLANG_WARN_DIRECT_OBJC_ISA_USAGE = YES_ERROR;
				CLANG_WARN_DOCUMENTATION_COMMENTS = YES;
				CLANG_WARN_EMPTY_BODY = YES;
				CLANG_WARN_ENUM_CONVERSION = YES;
				CLANG_WARN_INFINITE_RECURSION = YES;
				CLANG_WARN_INT_CONVERSION = YES;
				CLANG_WARN_NON_LITERAL_NULL_CONVERSION = YES;
				CLANG_WARN_OBJC_IMPLICIT_RETAIN_SELF = YES;
				CLANG_WARN_OBJC_LITERAL_CONVERSION = YES;
				CLANG_WARN_OBJC_ROOT_CLASS = YES_ERROR;
				CLANG_WARN_RANGE_LOOP_ANALYSIS = YES;
				CLANG_WARN_STRICT_PROTOTYPES = YES;
				CLANG_WARN_SUSPICIOUS_MOVE = YES;
				CLANG_WARN_UNGUARDED_AVAILABILITY = YES_AGGRESSIVE;
				CLANG_WARN_UNREACHABLE_CODE = YES;
				CLANG_WARN__DUPLICATE_METHOD_MATCH = YES;
				COPY_PHASE_STRIP = NO;
				DEBUG_INFORMATION_FORMAT = dwarf;
				ENABLE_STRICT_OBJC_MSGSEND = YES;
				ENABLE_TESTABILITY = YES;
				GCC_C_LANGUAGE_STANDARD = gnu11;
				GCC_DYNAMIC_NO_PIC = NO;
				GCC_NO_COMMON_BLOCKS = YES;
				GCC_OPTIMIZATION_LEVEL = 0;
				GCC_PREPROCESSOR_DEFINITIONS = (
					"DEBUG=1",
					"$(inherited)",
				);
				GCC_WARN_64_TO_32_BIT_CONVERSION = YES;
				GCC_WARN_ABOUT_RETURN_TYPE = YES_ERROR;
				GCC_WARN_UNDECLARED_SELECTOR = YES;
				GCC_WARN_UNINITIALIZED_AUTOS = YES_AGGRESSIVE;
				GCC_WARN_UNUSED_FUNCTION = YES;
				GCC_WARN_UNUSED_VARIABLE = YES;
				IPHONEOS_DEPLOYMENT_TARGET = 13.2;
				MTL_ENABLE_DEBUG_INFO = INCLUDE_SOURCE;
				MTL_FAST_MATH = YES;
				ONLY_ACTIVE_ARCH = YES;
				SDKROOT = iphoneos;
				SWIFT_ACTIVE_COMPILATION_CONDITIONS = DEBUG;
				SWIFT_OPTIMIZATION_LEVEL = "-Onone";
			};
			name = Debug;
		};
		588959A523D60A96002C94D9 /* Release */ = {
			isa = XCBuildConfiguration;
			buildSettings = {
				ALWAYS_SEARCH_USER_PATHS = NO;
				CLANG_ANALYZER_NONNULL = YES;
				CLANG_ANALYZER_NUMBER_OBJECT_CONVERSION = YES_AGGRESSIVE;
				CLANG_CXX_LANGUAGE_STANDARD = "gnu++14";
				CLANG_CXX_LIBRARY = "libc++";
				CLANG_ENABLE_MODULES = YES;
				CLANG_ENABLE_OBJC_ARC = YES;
				CLANG_ENABLE_OBJC_WEAK = YES;
				CLANG_WARN_BLOCK_CAPTURE_AUTORELEASING = YES;
				CLANG_WARN_BOOL_CONVERSION = YES;
				CLANG_WARN_COMMA = YES;
				CLANG_WARN_CONSTANT_CONVERSION = YES;
				CLANG_WARN_DEPRECATED_OBJC_IMPLEMENTATIONS = YES;
				CLANG_WARN_DIRECT_OBJC_ISA_USAGE = YES_ERROR;
				CLANG_WARN_DOCUMENTATION_COMMENTS = YES;
				CLANG_WARN_EMPTY_BODY = YES;
				CLANG_WARN_ENUM_CONVERSION = YES;
				CLANG_WARN_INFINITE_RECURSION = YES;
				CLANG_WARN_INT_CONVERSION = YES;
				CLANG_WARN_NON_LITERAL_NULL_CONVERSION = YES;
				CLANG_WARN_OBJC_IMPLICIT_RETAIN_SELF = YES;
				CLANG_WARN_OBJC_LITERAL_CONVERSION = YES;
				CLANG_WARN_OBJC_ROOT_CLASS = YES_ERROR;
				CLANG_WARN_RANGE_LOOP_ANALYSIS = YES;
				CLANG_WARN_STRICT_PROTOTYPES = YES;
				CLANG_WARN_SUSPICIOUS_MOVE = YES;
				CLANG_WARN_UNGUARDED_AVAILABILITY = YES_AGGRESSIVE;
				CLANG_WARN_UNREACHABLE_CODE = YES;
				CLANG_WARN__DUPLICATE_METHOD_MATCH = YES;
				COPY_PHASE_STRIP = NO;
				DEBUG_INFORMATION_FORMAT = "dwarf-with-dsym";
				ENABLE_NS_ASSERTIONS = NO;
				ENABLE_STRICT_OBJC_MSGSEND = YES;
				GCC_C_LANGUAGE_STANDARD = gnu11;
				GCC_NO_COMMON_BLOCKS = YES;
				GCC_WARN_64_TO_32_BIT_CONVERSION = YES;
				GCC_WARN_ABOUT_RETURN_TYPE = YES_ERROR;
				GCC_WARN_UNDECLARED_SELECTOR = YES;
				GCC_WARN_UNINITIALIZED_AUTOS = YES_AGGRESSIVE;
				GCC_WARN_UNUSED_FUNCTION = YES;
				GCC_WARN_UNUSED_VARIABLE = YES;
				IPHONEOS_DEPLOYMENT_TARGET = 13.2;
				MTL_ENABLE_DEBUG_INFO = NO;
				MTL_FAST_MATH = YES;
				SDKROOT = iphoneos;
				SWIFT_COMPILATION_MODE = wholemodule;
				SWIFT_OPTIMIZATION_LEVEL = "-O";
				VALIDATE_PRODUCT = YES;
			};
			name = Release;
		};
		588959A723D60A96002C94D9 /* Debug */ = {
			isa = XCBuildConfiguration;
			buildSettings = {
				ASSETCATALOG_COMPILER_APPICON_NAME = AppIcon;
				CODE_SIGN_STYLE = Automatic;
				INFOPLIST_FILE = "base-ios/Info.plist";
				LD_RUNPATH_SEARCH_PATHS = (
					"$(inherited)",
					"@executable_path/Frameworks",
				);
				PRODUCT_BUNDLE_IDENTIFIER = "com.ios.base.base-ios";
				PRODUCT_NAME = "$(TARGET_NAME)";
				SWIFT_VERSION = 5.0;
				TARGETED_DEVICE_FAMILY = "1,2";
			};
			name = Debug;
		};
		588959A823D60A96002C94D9 /* Release */ = {
			isa = XCBuildConfiguration;
			buildSettings = {
				ASSETCATALOG_COMPILER_APPICON_NAME = AppIcon;
				CODE_SIGN_STYLE = Automatic;
				INFOPLIST_FILE = "base-ios/Info.plist";
				LD_RUNPATH_SEARCH_PATHS = (
					"$(inherited)",
					"@executable_path/Frameworks",
				);
				PRODUCT_BUNDLE_IDENTIFIER = "com.ios.base.base-ios";
				PRODUCT_NAME = "$(TARGET_NAME)";
				SWIFT_VERSION = 5.0;
				TARGETED_DEVICE_FAMILY = "1,2";
			};
			name = Release;
		};
		588959AA23D60A96002C94D9 /* Debug */ = {
			isa = XCBuildConfiguration;
			buildSettings = {
				ALWAYS_EMBED_SWIFT_STANDARD_LIBRARIES = YES;
				BUNDLE_LOADER = "$(TEST_HOST)";
				CODE_SIGN_STYLE = Automatic;
				INFOPLIST_FILE = "base-iosTests/Info.plist";
				IPHONEOS_DEPLOYMENT_TARGET = 13.2;
				LD_RUNPATH_SEARCH_PATHS = (
					"$(inherited)",
					"@executable_path/Frameworks",
					"@loader_path/Frameworks",
				);
				PRODUCT_BUNDLE_IDENTIFIER = "com.ios.base.base-iosTests";
				PRODUCT_NAME = "$(TARGET_NAME)";
				SWIFT_VERSION = 5.0;
				TARGETED_DEVICE_FAMILY = "1,2";
				TEST_HOST = "$(BUILT_PRODUCTS_DIR)/base-ios.app/base-ios";
			};
			name = Debug;
		};
		588959AB23D60A96002C94D9 /* Release */ = {
			isa = XCBuildConfiguration;
			buildSettings = {
				ALWAYS_EMBED_SWIFT_STANDARD_LIBRARIES = YES;
				BUNDLE_LOADER = "$(TEST_HOST)";
				CODE_SIGN_STYLE = Automatic;
				INFOPLIST_FILE = "base-iosTests/Info.plist";
				IPHONEOS_DEPLOYMENT_TARGET = 13.2;
				LD_RUNPATH_SEARCH_PATHS = (
					"$(inherited)",
					"@executable_path/Frameworks",
					"@loader_path/Frameworks",
				);
				PRODUCT_BUNDLE_IDENTIFIER = "com.ios.base.base-iosTests";
				PRODUCT_NAME = "$(TARGET_NAME)";
				SWIFT_VERSION = 5.0;
				TARGETED_DEVICE_FAMILY = "1,2";
				TEST_HOST = "$(BUILT_PRODUCTS_DIR)/base-ios.app/base-ios";
			};
			name = Release;
		};
		588959AD23D60A96002C94D9 /* Debug */ = {
			isa = XCBuildConfiguration;
			buildSettings = {
				ALWAYS_EMBED_SWIFT_STANDARD_LIBRARIES = YES;
				CODE_SIGN_STYLE = Automatic;
				INFOPLIST_FILE = "base-iosUITests/Info.plist";
				LD_RUNPATH_SEARCH_PATHS = (
					"$(inherited)",
					"@executable_path/Frameworks",
					"@loader_path/Frameworks",
				);
				PRODUCT_BUNDLE_IDENTIFIER = "com.ios.base.base-iosUITests";
				PRODUCT_NAME = "$(TARGET_NAME)";
				SWIFT_VERSION = 5.0;
				TARGETED_DEVICE_FAMILY = "1,2";
				TEST_TARGET_NAME = "base-ios";
			};
			name = Debug;
		};
		588959AE23D60A96002C94D9 /* Release */ = {
			isa = XCBuildConfiguration;
			buildSettings = {
				ALWAYS_EMBED_SWIFT_STANDARD_LIBRARIES = YES;
				CODE_SIGN_STYLE = Automatic;
				INFOPLIST_FILE = "base-iosUITests/Info.plist";
				LD_RUNPATH_SEARCH_PATHS = (
					"$(inherited)",
					"@executable_path/Frameworks",
					"@loader_path/Frameworks",
				);
				PRODUCT_BUNDLE_IDENTIFIER = "com.ios.base.base-iosUITests";
				PRODUCT_NAME = "$(TARGET_NAME)";
				SWIFT_VERSION = 5.0;
				TARGETED_DEVICE_FAMILY = "1,2";
				TEST_TARGET_NAME = "base-ios";
			};
			name = Release;
		};
/* End XCBuildConfiguration section */

/* Begin XCConfigurationList section */
		5889597723D60A93002C94D9 /* Build configuration list for PBXProject "base-ios" */ = {
			isa = XCConfigurationList;
			buildConfigurations = (
				588959A423D60A96002C94D9 /* Debug */,
				588959A523D60A96002C94D9 /* Release */,
			);
			defaultConfigurationIsVisible = 0;
			defaultConfigurationName = Release;
		};
		588959A623D60A96002C94D9 /* Build configuration list for PBXNativeTarget "base-ios" */ = {
			isa = XCConfigurationList;
			buildConfigurations = (
				588959A723D60A96002C94D9 /* Debug */,
				588959A823D60A96002C94D9 /* Release */,
			);
			defaultConfigurationIsVisible = 0;
			defaultConfigurationName = Release;
		};
		588959A923D60A96002C94D9 /* Build configuration list for PBXNativeTarget "base-iosTests" */ = {
			isa = XCConfigurationList;
			buildConfigurations = (
				588959AA23D60A96002C94D9 /* Debug */,
				588959AB23D60A96002C94D9 /* Release */,
			);
			defaultConfigurationIsVisible = 0;
			defaultConfigurationName = Release;
		};
		588959AC23D60A96002C94D9 /* Build configuration list for PBXNativeTarget "base-iosUITests" */ = {
			isa = XCConfigurationList;
			buildConfigurations = (
				588959AD23D60A96002C94D9 /* Debug */,
				588959AE23D60A96002C94D9 /* Release */,
			);
			defaultConfigurationIsVisible = 0;
			defaultConfigurationName = Release;
		};
/* End XCConfigurationList section */
	};
	rootObject = 5889597423D60A93002C94D9 /* Project object */;
}
